
Microsoft Visual Studio Solution File, Format Version 12.00
# Visual Studio Version 16
VisualStudioVersion = 16.0.30002.166
MinimumVisualStudioVersion = 10.0.40219.1
Project("{FAE04EC0-301F-11D3-BF4B-00C04F79EFBC}") = "AppSongs", "AppSongs\AppSongs.csproj", "{CE69818F-9B38-4A6C-8702-62C060BBDC34}"
EndProject
Project("{FAE04EC0-301F-11D3-BF4B-00C04F79EFBC}") = "DomainModels", "DomainModels\DomainModels.csproj", "{7264F00E-0B9E-4737-BC31-CB396C59A927}"
EndProject
Project("{FAE04EC0-301F-11D3-BF4B-00C04F79EFBC}") = "Services", "Services\Services.csproj", "{ED65576E-11D7-4DF5-8255-F2745B814AC1}"
EndProject
Global
	GlobalSection(SolutionConfigurationPlatforms) = preSolution
		Debug|Any CPU = Debug|Any CPU
		Release|Any CPU = Release|Any CPU
	EndGlobalSection
	GlobalSection(ProjectConfigurationPlatforms) = postSolution
		{CE69818F-9B38-4A6C-8702-62C060BBDC34}.Debug|Any CPU.ActiveCfg = Debug|Any CPU
		{CE69818F-9B38-4A6C-8702-62C060BBDC34}.Debug|Any CPU.Build.0 = Debug|Any CPU
		{CE69818F-9B38-4A6C-8702-62C060BBDC34}.Release|Any CPU.ActiveCfg = Release|Any CPU
		{CE69818F-9B38-4A6C-8702-62C060BBDC34}.Release|Any CPU.Build.0 = Release|Any CPU
		{7264F00E-0B9E-4737-BC31-CB396C59A927}.Debug|Any CPU.ActiveCfg = Debug|Any CPU
		{7264F00E-0B9E-4737-BC31-CB396C59A927}.Debug|Any CPU.Build.0 = Debug|Any CPU
		{7264F00E-0B9E-4737-BC31-CB396C59A927}.Release|Any CPU.ActiveCfg = Release|Any CPU
		{7264F00E-0B9E-4737-BC31-CB396C59A927}.Release|Any CPU.Build.0 = Release|Any CPU
		{ED65576E-11D7-4DF5-8255-F2745B814AC1}.Debug|Any CPU.ActiveCfg = Debug|Any CPU
		{ED65576E-11D7-4DF5-8255-F2745B814AC1}.Debug|Any CPU.Build.0 = Debug|Any CPU
		{ED65576E-11D7-4DF5-8255-F2745B814AC1}.Release|Any CPU.ActiveCfg = Release|Any CPU
		{ED65576E-11D7-4DF5-8255-F2745B814AC1}.Release|Any CPU.Build.0 = Release|Any CPU
	EndGlobalSection
	GlobalSection(SolutionProperties) = preSolution
		HideSolutionNode = FALSE
	EndGlobalSection
	GlobalSection(ExtensibilityGlobals) = postSolution
		SolutionGuid = {ADBB51A2-29CD-4297-92D6-F874E3B9CAB3}
	EndGlobalSection
EndGlobal
